
Microsoft Visual Studio Solution File, Format Version 12.00
# Visual Studio 15
VisualStudioVersion = 15.0.28010.2026
MinimumVisualStudioVersion = 10.0.40219.1
Project("{FAE04EC0-301F-11D3-BF4B-00C04F79EFBC}") = "Nest.Elasticserarh.Api.Client", "Nest.Elasticserarh.Api.Client\Nest.Elasticserarh.Api.Client.csproj", "{05427EDE-77F3-405B-82CB-C6D80B9A23DF}"
EndProject
Project("{FAE04EC0-301F-11D3-BF4B-00C04F79EFBC}") = "Nest.Elasticsearch.Api.Entity", "Nest.Elasticsearch.Api.Entity\Nest.Elasticsearch.Api.Entity.csproj", "{33D14812-FBBE-4301-90DC-B0F8FC7C9BC7}"
EndProject
Project("{FAE04EC0-301F-11D3-BF4B-00C04F79EFBC}") = "Nest.Elasticsearch.Repository.Imp", "Nest.Elasticsearch.Repository.Imp\Nest.Elasticsearch.Repository.Imp.csproj", "{46B4613E-BE2F-4513-B61D-A4C03D592DDE}"
EndProject
Project("{FAE04EC0-301F-11D3-BF4B-00C04F79EFBC}") = "Nest.Elasticsearch.Core", "Nest.Elasticsearch.Core\Nest.Elasticsearch.Core.csproj", "{D70DC4FB-05BC-49B0-A943-8D7CB3E5F5FE}"
EndProject
Project("{FAE04EC0-301F-11D3-BF4B-00C04F79EFBC}") = "Nest.Elasticsearch.Test", "Nest.Elasticsearch.Test\Nest.Elasticsearch.Test.csproj", "{468AADB8-36E0-4E7C-9EB9-2F1D19840134}"
EndProject
Global
	GlobalSection(SolutionConfigurationPlatforms) = preSolution
		Debug|Any CPU = Debug|Any CPU
		Release|Any CPU = Release|Any CPU
	EndGlobalSection
	GlobalSection(ProjectConfigurationPlatforms) = postSolution
		{05427EDE-77F3-405B-82CB-C6D80B9A23DF}.Debug|Any CPU.ActiveCfg = Debug|Any CPU
		{05427EDE-77F3-405B-82CB-C6D80B9A23DF}.Debug|Any CPU.Build.0 = Debug|Any CPU
		{05427EDE-77F3-405B-82CB-C6D80B9A23DF}.Release|Any CPU.ActiveCfg = Release|Any CPU
		{05427EDE-77F3-405B-82CB-C6D80B9A23DF}.Release|Any CPU.Build.0 = Release|Any CPU
		{33D14812-FBBE-4301-90DC-B0F8FC7C9BC7}.Debug|Any CPU.ActiveCfg = Debug|Any CPU
		{33D14812-FBBE-4301-90DC-B0F8FC7C9BC7}.Debug|Any CPU.Build.0 = Debug|Any CPU
		{33D14812-FBBE-4301-90DC-B0F8FC7C9BC7}.Release|Any CPU.ActiveCfg = Release|Any CPU
		{33D14812-FBBE-4301-90DC-B0F8FC7C9BC7}.Release|Any CPU.Build.0 = Release|Any CPU
		{46B4613E-BE2F-4513-B61D-A4C03D592DDE}.Debug|Any CPU.ActiveCfg = Debug|Any CPU
		{46B4613E-BE2F-4513-B61D-A4C03D592DDE}.Debug|Any CPU.Build.0 = Debug|Any CPU
		{46B4613E-BE2F-4513-B61D-A4C03D592DDE}.Release|Any CPU.ActiveCfg = Release|Any CPU
		{46B4613E-BE2F-4513-B61D-A4C03D592DDE}.Release|Any CPU.Build.0 = Release|Any CPU
		{D70DC4FB-05BC-49B0-A943-8D7CB3E5F5FE}.Debug|Any CPU.ActiveCfg = Debug|Any CPU
		{D70DC4FB-05BC-49B0-A943-8D7CB3E5F5FE}.Debug|Any CPU.Build.0 = Debug|Any CPU
		{D70DC4FB-05BC-49B0-A943-8D7CB3E5F5FE}.Release|Any CPU.ActiveCfg = Release|Any CPU
		{D70DC4FB-05BC-49B0-A943-8D7CB3E5F5FE}.Release|Any CPU.Build.0 = Release|Any CPU
		{468AADB8-36E0-4E7C-9EB9-2F1D19840134}.Debug|Any CPU.ActiveCfg = Debug|Any CPU
		{468AADB8-36E0-4E7C-9EB9-2F1D19840134}.Debug|Any CPU.Build.0 = Debug|Any CPU
		{468AADB8-36E0-4E7C-9EB9-2F1D19840134}.Release|Any CPU.ActiveCfg = Release|Any CPU
		{468AADB8-36E0-4E7C-9EB9-2F1D19840134}.Release|Any CPU.Build.0 = Release|Any CPU
	EndGlobalSection
	GlobalSection(SolutionProperties) = preSolution
		HideSolutionNode = FALSE
	EndGlobalSection
	GlobalSection(ExtensibilityGlobals) = postSolution
		SolutionGuid = {1CAE169D-73BC-4AD9-A976-0F2C52029A36}
	EndGlobalSection
EndGlobal
